[root]
name = "avr-vm"
version = "0.1.0"
dependencies = [
 "cairo-rs 0.1.1 (registry+https://github.com/rust-lang/crates.io-index)",
 "dynasm 0.1.0 (registry+https://github.com/rust-lang/crates.io-index)",
 "dynasmrt 0.0.6 (registry+https://github.com/rust-lang/crates.io-index)",
 "gdk 0.5.1 (registry+https://github.com/rust-lang/crates.io-index)",
 "gdk-pixbuf 0.1.1 (registry+https://github.com/rust-lang/crates.io-index)",
 "gtk 0.1.1 (registry+https://github.com/rust-lang/crates.io-index)",
 "lazy_static 0.2.2 (registry+https://github.com/rust-lang/crates.io-index)",
 "rand 0.3.15 (registry+https://github.com/rust-lang/crates.io-index)",
]

[[package]]
name = "atk-sys"
version = "0.3.2"
source = "registry+https://github.com/rust-lang/crates.io-index"
dependencies = [
 "bitflags 0.4.0 (registry+https://github.com/rust-lang/crates.io-index)",
 "glib-sys 0.3.2 (registry+https://github.com/rust-lang/crates.io-index)",
 "gobject-sys 0.3.2 (registry+https://github.com/rust-lang/crates.io-index)",
 "libc 0.2.20 (registry+https://github.com/rust-lang/crates.io-index)",
 "pkg-config 0.3.9 (registry+https://github.com/rust-lang/crates.io-index)",
]

[[package]]
name = "bitflags"
version = "0.4.0"
source = "registry+https://github.com/rust-lang/crates.io-index"

[[package]]
name = "bitflags"
version = "0.5.0"
source = "registry+https://github.com/rust-lang/crates.io-index"

[[package]]
name = "bitflags"
version = "0.7.0"
source = "registry+https://github.com/rust-lang/crates.io-index"

[[package]]
name = "c_vec"
version = "1.0.12"
source = "registry+https://github.com/rust-lang/crates.io-index"

[[package]]
name = "cairo-rs"
version = "0.1.1"
source = "registry+https://github.com/rust-lang/crates.io-index"
dependencies = [
 "c_vec 1.0.12 (registry+https://github.com/rust-lang/crates.io-index)",
 "cairo-sys-rs 0.3.2 (registry+https://github.com/rust-lang/crates.io-index)",
 "glib 0.1.1 (registry+https://github.com/rust-lang/crates.io-index)",
 "libc 0.2.20 (registry+https://github.com/rust-lang/crates.io-index)",
]

[[package]]
name = "cairo-sys-rs"
version = "0.3.2"
source = "registry+https://github.com/rust-lang/crates.io-index"
dependencies = [
 "libc 0.2.20 (registry+https://github.com/rust-lang/crates.io-index)",
 "pkg-config 0.3.9 (registry+https://github.com/rust-lang/crates.io-index)",
]

[[package]]
name = "dynasm"
version = "0.1.0"
source = "registry+https://github.com/rust-lang/crates.io-index"
dependencies = [
 "bitflags 0.7.0 (registry+https://github.com/rust-lang/crates.io-index)",
 "lazy_static 0.2.2 (registry+https://github.com/rust-lang/crates.io-index)",
 "owning_ref 0.2.4 (registry+https://github.com/rust-lang/crates.io-index)",
]

[[package]]
name = "dynasmrt"
version = "0.0.6"
source = "registry+https://github.com/rust-lang/crates.io-index"
dependencies = [
 "memmap 0.4.0 (registry+https://github.com/rust-lang/crates.io-index)",
]

[[package]]
name = "fs2"
version = "0.2.5"
source = "registry+https://github.com/rust-lang/crates.io-index"
dependencies = [
 "kernel32-sys 0.2.2 (registry+https://github.com/rust-lang/crates.io-index)",
 "libc 0.2.20 (registry+https://github.com/rust-lang/crates.io-index)",
 "winapi 0.2.8 (registry+https://github.com/rust-lang/crates.io-index)",
]

[[package]]
name = "gdk"
version = "0.5.1"
source = "registry+https://github.com/rust-lang/crates.io-index"
dependencies = [
 "bitflags 0.5.0 (registry+https://github.com/rust-lang/crates.io-index)",
 "cairo-rs 0.1.1 (registry+https://github.com/rust-lang/crates.io-index)",
 "gdk-pixbuf 0.1.1 (registry+https://github.com/rust-lang/crates.io-index)",
 "gdk-sys 0.3.2 (registry+https://github.com/rust-lang/crates.io-index)",
 "gio 0.1.1 (registry+https://github.com/rust-lang/crates.io-index)",
 "glib 0.1.1 (registry+https://github.com/rust-lang/crates.io-index)",
 "glib-sys 0.3.2 (registry+https://github.com/rust-lang/crates.io-index)",
 "libc 0.2.20 (registry+https://github.com/rust-lang/crates.io-index)",
 "pango 0.1.1 (registry+https://github.com/rust-lang/crates.io-index)",
]

[[package]]
name = "gdk-pixbuf"
version = "0.1.1"
source = "registry+https://github.com/rust-lang/crates.io-index"
dependencies = [
 "gdk-pixbuf-sys 0.3.2 (registry+https://github.com/rust-lang/crates.io-index)",
 "glib 0.1.1 (registry+https://github.com/rust-lang/crates.io-index)",
 "libc 0.2.20 (registry+https://github.com/rust-lang/crates.io-index)",
]

[[package]]
name = "gdk-pixbuf-sys"
version = "0.3.2"
source = "registry+https://github.com/rust-lang/crates.io-index"
dependencies = [
 "bitflags 0.4.0 (registry+https://github.com/rust-lang/crates.io-index)",
 "gio-sys 0.3.2 (registry+https://github.com/rust-lang/crates.io-index)",
 "glib-sys 0.3.2 (registry+https://github.com/rust-lang/crates.io-index)",
 "gobject-sys 0.3.2 (registry+https://github.com/rust-lang/crates.io-index)",
 "libc 0.2.20 (registry+https://github.com/rust-lang/crates.io-index)",
 "pkg-config 0.3.9 (registry+https://github.com/rust-lang/crates.io-index)",
]

[[package]]
name = "gdk-sys"
version = "0.3.2"
source = "registry+https://github.com/rust-lang/crates.io-index"
dependencies = [
 "bitflags 0.4.0 (registry+https://github.com/rust-lang/crates.io-index)",
 "cairo-sys-rs 0.3.2 (registry+https://github.com/rust-lang/crates.io-index)",
 "gdk-pixbuf-sys 0.3.2 (registry+https://github.com/rust-lang/crates.io-index)",
 "gio-sys 0.3.2 (registry+https://github.com/rust-lang/crates.io-index)",
 "glib-sys 0.3.2 (registry+https://github.com/rust-lang/crates.io-index)",
 "gobject-sys 0.3.2 (registry+https://github.com/rust-lang/crates.io-index)",
 "libc 0.2.20 (registry+https://github.com/rust-lang/crates.io-index)",
 "pango-sys 0.3.2 (registry+https://github.com/rust-lang/crates.io-index)",
 "pkg-config 0.3.9 (registry+https://github.com/rust-lang/crates.io-index)",
]

[[package]]
name = "gio"
version = "0.1.1"
source = "registry+https://github.com/rust-lang/crates.io-index"
dependencies = [
 "bitflags 0.5.0 (registry+https://github.com/rust-lang/crates.io-index)",
 "gio-sys 0.3.2 (registry+https://github.com/rust-lang/crates.io-index)",
 "glib 0.1.1 (registry+https://github.com/rust-lang/crates.io-index)",
 "glib-sys 0.3.2 (registry+https://github.com/rust-lang/crates.io-index)",
 "gobject-sys 0.3.2 (registry+https://github.com/rust-lang/crates.io-index)",
 "libc 0.2.20 (registry+https://github.com/rust-lang/crates.io-index)",
]

[[package]]
name = "gio-sys"
version = "0.3.2"
source = "registry+https://github.com/rust-lang/crates.io-index"
dependencies = [
 "bitflags 0.4.0 (registry+https://github.com/rust-lang/crates.io-index)",
 "glib-sys 0.3.2 (registry+https://github.com/rust-lang/crates.io-index)",
 "gobject-sys 0.3.2 (registry+https://github.com/rust-lang/crates.io-index)",
 "libc 0.2.20 (registry+https://github.com/rust-lang/crates.io-index)",
 "pkg-config 0.3.9 (registry+https://github.com/rust-lang/crates.io-index)",
]

[[package]]
name = "glib"
version = "0.1.1"
source = "registry+https://github.com/rust-lang/crates.io-index"
dependencies = [
 "bitflags 0.5.0 (registry+https://github.com/rust-lang/crates.io-index)",
 "glib-sys 0.3.2 (registry+https://github.com/rust-lang/crates.io-index)",
 "gobject-sys 0.3.2 (registry+https://github.com/rust-lang/crates.io-index)",
 "libc 0.2.20 (registry+https://github.com/rust-lang/crates.io-index)",
]

[[package]]
name = "glib-sys"
version = "0.3.2"
source = "registry+https://github.com/rust-lang/crates.io-index"
dependencies = [
 "bitflags 0.4.0 (registry+https://github.com/rust-lang/crates.io-index)",
 "libc 0.2.20 (registry+https://github.com/rust-lang/crates.io-index)",
 "pkg-config 0.3.9 (registry+https://github.com/rust-lang/crates.io-index)",
]

[[package]]
name = "gobject-sys"
version = "0.3.2"
source = "registry+https://github.com/rust-lang/crates.io-index"
dependencies = [
 "bitflags 0.4.0 (registry+https://github.com/rust-lang/crates.io-index)",
 "glib-sys 0.3.2 (registry+https://github.com/rust-lang/crates.io-index)",
 "libc 0.2.20 (registry+https://github.com/rust-lang/crates.io-index)",
 "pkg-config 0.3.9 (registry+https://github.com/rust-lang/crates.io-index)",
]

[[package]]
name = "gtk"
version = "0.1.1"
source = "registry+https://github.com/rust-lang/crates.io-index"
dependencies = [
 "bitflags 0.5.0 (registry+https://github.com/rust-lang/crates.io-index)",
 "cairo-rs 0.1.1 (registry+https://github.com/rust-lang/crates.io-index)",
 "cairo-sys-rs 0.3.2 (registry+https://github.com/rust-lang/crates.io-index)",
 "gdk 0.5.1 (registry+https://github.com/rust-lang/crates.io-index)",
 "gdk-pixbuf 0.1.1 (registry+https://github.com/rust-lang/crates.io-index)",
 "gdk-pixbuf-sys 0.3.2 (registry+https://github.com/rust-lang/crates.io-index)",
 "gdk-sys 0.3.2 (registry+https://github.com/rust-lang/crates.io-index)",
 "gio 0.1.1 (registry+https://github.com/rust-lang/crates.io-index)",
 "gio-sys 0.3.2 (registry+https://github.com/rust-lang/crates.io-index)",
 "glib 0.1.1 (registry+https://github.com/rust-lang/crates.io-index)",
 "glib-sys 0.3.2 (registry+https://github.com/rust-lang/crates.io-index)",
 "gobject-sys 0.3.2 (registry+https://github.com/rust-lang/crates.io-index)",
 "gtk-sys 0.3.2 (registry+https://github.com/rust-lang/crates.io-index)",
 "libc 0.2.20 (registry+https://github.com/rust-lang/crates.io-index)",
 "pango 0.1.1 (registry+https://github.com/rust-lang/crates.io-index)",
]

[[package]]
name = "gtk-sys"
version = "0.3.2"
source = "registry+https://github.com/rust-lang/crates.io-index"
dependencies = [
 "atk-sys 0.3.2 (registry+https://github.com/rust-lang/crates.io-index)",
 "bitflags 0.4.0 (registry+https://github.com/rust-lang/crates.io-index)",
 "cairo-sys-rs 0.3.2 (registry+https://github.com/rust-lang/crates.io-index)",
 "gdk-pixbuf-sys 0.3.2 (registry+https://github.com/rust-lang/crates.io-index)",
 "gdk-sys 0.3.2 (registry+https://github.com/rust-lang/crates.io-index)",
 "gio-sys 0.3.2 (registry+https://github.com/rust-lang/crates.io-index)",
 "glib-sys 0.3.2 (registry+https://github.com/rust-lang/crates.io-index)",
 "gobject-sys 0.3.2 (registry+https://github.com/rust-lang/crates.io-index)",
 "libc 0.2.20 (registry+https://github.com/rust-lang/crates.io-index)",
 "pango-sys 0.3.2 (registry+https://github.com/rust-lang/crates.io-index)",
 "pkg-config 0.3.9 (registry+https://github.com/rust-lang/crates.io-index)",
]

[[package]]
name = "kernel32-sys"
version = "0.2.2"
source = "registry+https://github.com/rust-lang/crates.io-index"
dependencies = [
 "winapi 0.2.8 (registry+https://github.com/rust-lang/crates.io-index)",
 "winapi-build 0.1.1 (registry+https://github.com/rust-lang/crates.io-index)",
]

[[package]]
name = "lazy_static"
version = "0.2.2"
source = "registry+https://github.com/rust-lang/crates.io-index"

[[package]]
name = "libc"
version = "0.2.20"
source = "registry+https://github.com/rust-lang/crates.io-index"

[[package]]
name = "memmap"
version = "0.4.0"
source = "registry+https://github.com/rust-lang/crates.io-index"
dependencies = [
 "fs2 0.2.5 (registry+https://github.com/rust-lang/crates.io-index)",
 "kernel32-sys 0.2.2 (registry+https://github.com/rust-lang/crates.io-index)",
 "libc 0.2.20 (registry+https://github.com/rust-lang/crates.io-index)",
 "winapi 0.2.8 (registry+https://github.com/rust-lang/crates.io-index)",
]

[[package]]
name = "owning_ref"
version = "0.2.4"
source = "registry+https://github.com/rust-lang/crates.io-index"

[[package]]
name = "pango"
version = "0.1.1"
source = "registry+https://github.com/rust-lang/crates.io-index"
dependencies = [
 "glib 0.1.1 (registry+https://github.com/rust-lang/crates.io-index)",
 "libc 0.2.20 (registry+https://github.com/rust-lang/crates.io-index)",
 "pango-sys 0.3.2 (registry+https://github.com/rust-lang/crates.io-index)",
]

[[package]]
name = "pango-sys"
version = "0.3.2"
source = "registry+https://github.com/rust-lang/crates.io-index"
dependencies = [
 "bitflags 0.4.0 (registry+https://github.com/rust-lang/crates.io-index)",
 "glib-sys 0.3.2 (registry+https://github.com/rust-lang/crates.io-index)",
 "gobject-sys 0.3.2 (registry+https://github.com/rust-lang/crates.io-index)",
 "libc 0.2.20 (registry+https://github.com/rust-lang/crates.io-index)",
 "pkg-config 0.3.9 (registry+https://github.com/rust-lang/crates.io-index)",
]

[[package]]
name = "pkg-config"
version = "0.3.9"
source = "registry+https://github.com/rust-lang/crates.io-index"

[[package]]
name = "rand"
version = "0.3.15"
source = "registry+https://github.com/rust-lang/crates.io-index"
dependencies = [
 "libc 0.2.20 (registry+https://github.com/rust-lang/crates.io-index)",
]

[[package]]
name = "winapi"
version = "0.2.8"
source = "registry+https://github.com/rust-lang/crates.io-index"

[[package]]
name = "winapi-build"
version = "0.1.1"
source = "registry+https://github.com/rust-lang/crates.io-index"

[metadata]
"checksum atk-sys 0.3.2 (registry+https://github.com/rust-lang/crates.io-index)" = "9d3dd4937c8c40a0b5184d7810772d44cd3d4afdca711b8878c7f14b3f8ef80f"
"checksum bitflags 0.4.0 (registry+https://github.com/rust-lang/crates.io-index)" = "8dead7461c1127cf637931a1e50934eb6eee8bff2f74433ac7909e9afcee04a3"
"checksum bitflags 0.5.0 (registry+https://github.com/rust-lang/crates.io-index)" = "4f67931368edf3a9a51d29886d245f1c3db2f1ef0dcc9e35ff70341b78c10d23"
"checksum bitflags 0.7.0 (registry+https://github.com/rust-lang/crates.io-index)" = "aad18937a628ec6abcd26d1489012cc0e18c21798210f491af69ded9b881106d"
"checksum c_vec 1.0.12 (registry+https://github.com/rust-lang/crates.io-index)" = "aa9e1d9f7d49e289f36f19effbf3d5a5e30163ecf9c7a3c9be94d5374dec5b9a"
"checksum cairo-rs 0.1.1 (registry+https://github.com/rust-lang/crates.io-index)" = "5b3e2dae876fba33394353e985bff24e011a18250cf0021d07b86900b77388b0"
"checksum cairo-sys-rs 0.3.2 (registry+https://github.com/rust-lang/crates.io-index)" = "e377d5ccba12485dbdd1d459d711b948bbbed867f5808b25e0e2f6c8a45935f6"
"checksum dynasm 0.1.0 (registry+https://github.com/rust-lang/crates.io-index)" = "2797f947dbc5288c3763fab5af98e6a32c8b0b299d93ad7a8543c65624dfef8f"
"checksum dynasmrt 0.0.6 (registry+https://github.com/rust-lang/crates.io-index)" = "4465c04b0c02938ba3148a0e7f4817ac0d4bc72b0df1a8b9e1e5e2f258f3ef62"
"checksum fs2 0.2.5 (registry+https://github.com/rust-lang/crates.io-index)" = "bcd414e5a1a979b931bb92f41b7a54106d3f6d2e6c253e9ce943b7cd468251ef"
"checksum gdk 0.5.1 (registry+https://github.com/rust-lang/crates.io-index)" = "151196bd3a35bc157b7dca6ee98bb701dca59439dedd19d8a85b2d8759e0afaf"
"checksum gdk-pixbuf 0.1.1 (registry+https://github.com/rust-lang/crates.io-index)" = "f893bde751ef13bae431c5643021d0b9365b5455ab6b2febbc492bbe431d573b"
"checksum gdk-pixbuf-sys 0.3.2 (registry+https://github.com/rust-lang/crates.io-index)" = "f04793815a1e18b12de3b5bf41820c64ff84323510ecf3261a7f329eccd59500"
"checksum gdk-sys 0.3.2 (registry+https://github.com/rust-lang/crates.io-index)" = "0f372ea49640676521a6591a6d49987f442095a862799429fc129b1fdcf91716"
"checksum gio 0.1.1 (registry+https://github.com/rust-lang/crates.io-index)" = "734791445c09c47176d456457da457703e5297ce93ae088924fed7cb98b49663"
"checksum gio-sys 0.3.2 (registry+https://github.com/rust-lang/crates.io-index)" = "0a0b0e02a42941ed54bf56ac179693469a37abe118d9ce710669d8c1b6391c79"
"checksum glib 0.1.1 (registry+https://github.com/rust-lang/crates.io-index)" = "a4beb06ab666c546a921d93e6550e5ceb3fa7a8f9450920792144543489c1bb1"
"checksum glib-sys 0.3.2 (registry+https://github.com/rust-lang/crates.io-index)" = "a315f2df997f0ca1e3ebf1a78b5c6e455a7d75b8da8891ddf77068bf3d7492b3"
"checksum gobject-sys 0.3.2 (registry+https://github.com/rust-lang/crates.io-index)" = "88376c229e515b770f6ae56c5460a52cbc24ba4e81fd9a4c0a65900335241e8f"
"checksum gtk 0.1.1 (registry+https://github.com/rust-lang/crates.io-index)" = "50c5d2d3330a4d92348bbe5e2346fbeb31384af1d547c0ad7c120639d8c19718"
"checksum gtk-sys 0.3.2 (registry+https://github.com/rust-lang/crates.io-index)" = "ecdca043a321a1c19a16ae0efb9fcab6922051711fe238413b80f301e9caf17d"
"checksum kernel32-sys 0.2.2 (registry+https://github.com/rust-lang/crates.io-index)" = "7507624b29483431c0ba2d82aece8ca6cdba9382bff4ddd0f7490560c056098d"
"checksum lazy_static 0.2.2 (registry+https://github.com/rust-lang/crates.io-index)" = "6abe0ee2e758cd6bc8a2cd56726359007748fbf4128da998b65d0b70f881e19b"
"checksum libc 0.2.20 (registry+https://github.com/rust-lang/crates.io-index)" = "684f330624d8c3784fb9558ca46c4ce488073a8d22450415c5eb4f4cfb0d11b5"
"checksum memmap 0.4.0 (registry+https://github.com/rust-lang/crates.io-index)" = "69253224aa10070855ea8fe9dbe94a03fc2b1d7930bb340c9e586a7513716fea"
"checksum owning_ref 0.2.4 (registry+https://github.com/rust-lang/crates.io-index)" = "9d52571ddcb42e9c900c901a18d8d67e393df723fcd51dd59c5b1a85d0acb6cc"
"checksum pango 0.1.1 (registry+https://github.com/rust-lang/crates.io-index)" = "2d25afdf2915e8afee5d0c2fccd8426b7c32e3a58aaf7ed2b41a4609c64617de"
"checksum pango-sys 0.3.2 (registry+https://github.com/rust-lang/crates.io-index)" = "a894abf6d9c35d205137cecc9e06e500b145f8381a4a700b2036aaa4fe8b6874"
"checksum pkg-config 0.3.9 (registry+https://github.com/rust-lang/crates.io-index)" = "3a8b4c6b8165cd1a1cd4b9b120978131389f64bdaf456435caa41e630edba903"
"checksum rand 0.3.15 (registry+https://github.com/rust-lang/crates.io-index)" = "022e0636ec2519ddae48154b028864bdce4eaf7d35226ab8e65c611be97b189d"
"checksum winapi 0.2.8 (registry+https://github.com/rust-lang/crates.io-index)" = "167dc9d6949a9b857f3451275e911c3f44255842c1f7a76f33c55103a909087a"
"checksum winapi-build 0.1.1 (registry+https://github.com/rust-lang/crates.io-index)" = "2d315eee3b34aca4797b2da6b13ed88266e6d612562a0c46390af8299fc699bc"
